
Microsoft Visual Studio Solution File, Format Version 12.00
# Visual Studio Version 16
VisualStudioVersion = 16.0.30523.141
MinimumVisualStudioVersion = 10.0.40219.1
Project("{FAE04EC0-301F-11D3-BF4B-00C04F79EFBC}") = "Chess3D", "Chess3D\Chess3D.csproj", "{093D5317-38FF-4C4A-8C81-08F6E2C558F5}"
EndProject
Global
	GlobalSection(SolutionConfigurationPlatforms) = preSolution
		Debug|Any CPU = Debug|Any CPU
		Release|Any CPU = Release|Any CPU
	EndGlobalSection
	GlobalSection(ProjectConfigurationPlatforms) = postSolution
		{093D5317-38FF-4C4A-8C81-08F6E2C558F5}.Debug|Any CPU.ActiveCfg = Debug|Any CPU
		{093D5317-38FF-4C4A-8C81-08F6E2C558F5}.Debug|Any CPU.Build.0 = Debug|Any CPU
		{093D5317-38FF-4C4A-8C81-08F6E2C558F5}.Release|Any CPU.ActiveCfg = Release|Any CPU
		{093D5317-38FF-4C4A-8C81-08F6E2C558F5}.Release|Any CPU.Build.0 = Release|Any CPU
	EndGlobalSection
	GlobalSection(SolutionProperties) = preSolution
		HideSolutionNode = FALSE
	EndGlobalSection
	GlobalSection(ExtensibilityGlobals) = postSolution
		SolutionGuid = {CC613F56-8C80-4ED5-B1F1-BA76AB8C5C6B}
	EndGlobalSection
EndGlobal
